
Microsoft Visual Studio Solution File, Format Version 12.00
# Visual Studio Version 17
VisualStudioVersion = 17.9.34728.123
MinimumVisualStudioVersion = 10.0.40219.1
Project("{FAE04EC0-301F-11D3-BF4B-00C04F79EFBC}") = "ApprovalChain", "ApprovalChain\ApprovalChain.csproj", "{71AC333C-6CA6-446B-9EF0-8D6DFFD27684}"
EndProject
Global
	GlobalSection(SolutionConfigurationPlatforms) = preSolution
		Debug|Any CPU = Debug|Any CPU
		Release|Any CPU = Release|Any CPU
	EndGlobalSection
	GlobalSection(ProjectConfigurationPlatforms) = postSolution
		{71AC333C-6CA6-446B-9EF0-8D6DFFD27684}.Debug|Any CPU.ActiveCfg = Debug|Any CPU
		{71AC333C-6CA6-446B-9EF0-8D6DFFD27684}.Debug|Any CPU.Build.0 = Debug|Any CPU
		{71AC333C-6CA6-446B-9EF0-8D6DFFD27684}.Release|Any CPU.ActiveCfg = Release|Any CPU
		{71AC333C-6CA6-446B-9EF0-8D6DFFD27684}.Release|Any CPU.Build.0 = Release|Any CPU
	EndGlobalSection
	GlobalSection(SolutionProperties) = preSolution
		HideSolutionNode = FALSE
	EndGlobalSection
	GlobalSection(ExtensibilityGlobals) = postSolution
		SolutionGuid = {97190252-480E-4222-BE21-8672E8443E2E}
	EndGlobalSection
EndGlobal
